
Microsoft Visual Studio Solution File, Format Version 12.00
# Visual Studio Version 16
VisualStudioVersion = 16.0.31005.135
MinimumVisualStudioVersion = 10.0.40219.1
Project("{9A19103F-16F7-4668-BE54-9A1E7A4F7556}") = "Clock", "Clock.csproj", "{98A4035B-D38D-4C4B-BD46-809D7A66609E}"
EndProject
Project("{9A19103F-16F7-4668-BE54-9A1E7A4F7556}") = "MultiplicationTable", "..\MultiplicationTable\MultiplicationTable.csproj", "{7FBFD88C-AFDB-4724-8F0F-F1BE7408A8A2}"
EndProject
Project("{9A19103F-16F7-4668-BE54-9A1E7A4F7556}") = "Combinations", "..\Combinations\Combinations.csproj", "{3A36B2E2-6571-4BCC-8741-2D85AE0575C2}"
EndProject
Project("{9A19103F-16F7-4668-BE54-9A1E7A4F7556}") = "SumOfTwoNumbers", "..\SumOfTwoNumbers\SumOfTwoNumbers.csproj", "{114C25EB-2404-47DB-B4E5-3C16FE2FD619}"
EndProject
Project("{9A19103F-16F7-4668-BE54-9A1E7A4F7556}") = "Travelling", "..\Travelling\Travelling.csproj", "{19AEC4D1-4A9C-46BB-8196-0A10FFB4DF05}"
EndProject
Project("{9A19103F-16F7-4668-BE54-9A1E7A4F7556}") = "Building", "..\Building\Building.csproj", "{66E93075-1532-4966-A341-689FED27C2D0}"
EndProject
Project("{9A19103F-16F7-4668-BE54-9A1E7A4F7556}") = "CinemaTickets_", "..\CinemaTickets\CinemaTickets_.csproj", "{138EE112-B63F-4116-B186-35852C71CFC8}"
EndProject
Global
	GlobalSection(SolutionConfigurationPlatforms) = preSolution
		Debug|Any CPU = Debug|Any CPU
		Release|Any CPU = Release|Any CPU
	EndGlobalSection
	GlobalSection(ProjectConfigurationPlatforms) = postSolution
		{98A4035B-D38D-4C4B-BD46-809D7A66609E}.Debug|Any CPU.ActiveCfg = Debug|Any CPU
		{98A4035B-D38D-4C4B-BD46-809D7A66609E}.Debug|Any CPU.Build.0 = Debug|Any CPU
		{98A4035B-D38D-4C4B-BD46-809D7A66609E}.Release|Any CPU.ActiveCfg = Release|Any CPU
		{98A4035B-D38D-4C4B-BD46-809D7A66609E}.Release|Any CPU.Build.0 = Release|Any CPU
		{7FBFD88C-AFDB-4724-8F0F-F1BE7408A8A2}.Debug|Any CPU.ActiveCfg = Debug|Any CPU
		{7FBFD88C-AFDB-4724-8F0F-F1BE7408A8A2}.Debug|Any CPU.Build.0 = Debug|Any CPU
		{7FBFD88C-AFDB-4724-8F0F-F1BE7408A8A2}.Release|Any CPU.ActiveCfg = Release|Any CPU
		{7FBFD88C-AFDB-4724-8F0F-F1BE7408A8A2}.Release|Any CPU.Build.0 = Release|Any CPU
		{3A36B2E2-6571-4BCC-8741-2D85AE0575C2}.Debug|Any CPU.ActiveCfg = Debug|Any CPU
		{3A36B2E2-6571-4BCC-8741-2D85AE0575C2}.Debug|Any CPU.Build.0 = Debug|Any CPU
		{3A36B2E2-6571-4BCC-8741-2D85AE0575C2}.Release|Any CPU.ActiveCfg = Release|Any CPU
		{3A36B2E2-6571-4BCC-8741-2D85AE0575C2}.Release|Any CPU.Build.0 = Release|Any CPU
		{114C25EB-2404-47DB-B4E5-3C16FE2FD619}.Debug|Any CPU.ActiveCfg = Debug|Any CPU
		{114C25EB-2404-47DB-B4E5-3C16FE2FD619}.Debug|Any CPU.Build.0 = Debug|Any CPU
		{114C25EB-2404-47DB-B4E5-3C16FE2FD619}.Release|Any CPU.ActiveCfg = Release|Any CPU
		{114C25EB-2404-47DB-B4E5-3C16FE2FD619}.Release|Any CPU.Build.0 = Release|Any CPU
		{19AEC4D1-4A9C-46BB-8196-0A10FFB4DF05}.Debug|Any CPU.ActiveCfg = Debug|Any CPU
		{19AEC4D1-4A9C-46BB-8196-0A10FFB4DF05}.Debug|Any CPU.Build.0 = Debug|Any CPU
		{19AEC4D1-4A9C-46BB-8196-0A10FFB4DF05}.Release|Any CPU.ActiveCfg = Release|Any CPU
		{19AEC4D1-4A9C-46BB-8196-0A10FFB4DF05}.Release|Any CPU.Build.0 = Release|Any CPU
		{66E93075-1532-4966-A341-689FED27C2D0}.Debug|Any CPU.ActiveCfg = Debug|Any CPU
		{66E93075-1532-4966-A341-689FED27C2D0}.Debug|Any CPU.Build.0 = Debug|Any CPU
		{66E93075-1532-4966-A341-689FED27C2D0}.Release|Any CPU.ActiveCfg = Release|Any CPU
		{66E93075-1532-4966-A341-689FED27C2D0}.Release|Any CPU.Build.0 = Release|Any CPU
		{138EE112-B63F-4116-B186-35852C71CFC8}.Debug|Any CPU.ActiveCfg = Debug|Any CPU
		{138EE112-B63F-4116-B186-35852C71CFC8}.Debug|Any CPU.Build.0 = Debug|Any CPU
		{138EE112-B63F-4116-B186-35852C71CFC8}.Release|Any CPU.ActiveCfg = Release|Any CPU
		{138EE112-B63F-4116-B186-35852C71CFC8}.Release|Any CPU.Build.0 = Release|Any CPU
	EndGlobalSection
	GlobalSection(SolutionProperties) = preSolution
		HideSolutionNode = FALSE
	EndGlobalSection
	GlobalSection(ExtensibilityGlobals) = postSolution
		SolutionGuid = {B8CCA81E-4B89-4D25-8333-8A9469EC9814}
	EndGlobalSection
EndGlobal
