
Microsoft Visual Studio Solution File, Format Version 12.00
# Visual Studio Version 16
VisualStudioVersion = 16.0.31005.135
MinimumVisualStudioVersion = 10.0.40219.1
Project("{9A19103F-16F7-4668-BE54-9A1E7A4F7556}") = "OldBooks", "OldBooks.csproj", "{F1BD0DD1-6A42-464D-997F-1695C27D1A70}"
EndProject
Project("{9A19103F-16F7-4668-BE54-9A1E7A4F7556}") = "ExamPreparation", "..\ExamPreparation\ExamPreparation.csproj", "{343014E7-B412-4722-849D-34368E078275}"
EndProject
Project("{9A19103F-16F7-4668-BE54-9A1E7A4F7556}") = "Vacation", "..\Vacation\Vacation.csproj", "{650A190D-FDC2-4443-BFBE-D9B8D52EC0C2}"
EndProject
Project("{9A19103F-16F7-4668-BE54-9A1E7A4F7556}") = "Walking", "..\Walking\Walking.csproj", "{A9B4D561-D1F7-4D03-A8C4-F8F95546CBF0}"
EndProject
Project("{9A19103F-16F7-4668-BE54-9A1E7A4F7556}") = "Coins_", "..\Coins\Coins_.csproj", "{99616E96-3A25-42E5-BFDA-96EE5FC10722}"
EndProject
Project("{9A19103F-16F7-4668-BE54-9A1E7A4F7556}") = "Cake_", "..\Cake\Cake_.csproj", "{B6C93E0F-3594-41B8-9DE2-87B9590DF2FF}"
EndProject
Global
	GlobalSection(SolutionConfigurationPlatforms) = preSolution
		Debug|Any CPU = Debug|Any CPU
		Release|Any CPU = Release|Any CPU
	EndGlobalSection
	GlobalSection(ProjectConfigurationPlatforms) = postSolution
		{F1BD0DD1-6A42-464D-997F-1695C27D1A70}.Debug|Any CPU.ActiveCfg = Debug|Any CPU
		{F1BD0DD1-6A42-464D-997F-1695C27D1A70}.Debug|Any CPU.Build.0 = Debug|Any CPU
		{F1BD0DD1-6A42-464D-997F-1695C27D1A70}.Release|Any CPU.ActiveCfg = Release|Any CPU
		{F1BD0DD1-6A42-464D-997F-1695C27D1A70}.Release|Any CPU.Build.0 = Release|Any CPU
		{343014E7-B412-4722-849D-34368E078275}.Debug|Any CPU.ActiveCfg = Debug|Any CPU
		{343014E7-B412-4722-849D-34368E078275}.Debug|Any CPU.Build.0 = Debug|Any CPU
		{343014E7-B412-4722-849D-34368E078275}.Release|Any CPU.ActiveCfg = Release|Any CPU
		{343014E7-B412-4722-849D-34368E078275}.Release|Any CPU.Build.0 = Release|Any CPU
		{650A190D-FDC2-4443-BFBE-D9B8D52EC0C2}.Debug|Any CPU.ActiveCfg = Debug|Any CPU
		{650A190D-FDC2-4443-BFBE-D9B8D52EC0C2}.Debug|Any CPU.Build.0 = Debug|Any CPU
		{650A190D-FDC2-4443-BFBE-D9B8D52EC0C2}.Release|Any CPU.ActiveCfg = Release|Any CPU
		{650A190D-FDC2-4443-BFBE-D9B8D52EC0C2}.Release|Any CPU.Build.0 = Release|Any CPU
		{A9B4D561-D1F7-4D03-A8C4-F8F95546CBF0}.Debug|Any CPU.ActiveCfg = Debug|Any CPU
		{A9B4D561-D1F7-4D03-A8C4-F8F95546CBF0}.Debug|Any CPU.Build.0 = Debug|Any CPU
		{A9B4D561-D1F7-4D03-A8C4-F8F95546CBF0}.Release|Any CPU.ActiveCfg = Release|Any CPU
		{A9B4D561-D1F7-4D03-A8C4-F8F95546CBF0}.Release|Any CPU.Build.0 = Release|Any CPU
		{99616E96-3A25-42E5-BFDA-96EE5FC10722}.Debug|Any CPU.ActiveCfg = Debug|Any CPU
		{99616E96-3A25-42E5-BFDA-96EE5FC10722}.Debug|Any CPU.Build.0 = Debug|Any CPU
		{99616E96-3A25-42E5-BFDA-96EE5FC10722}.Release|Any CPU.ActiveCfg = Release|Any CPU
		{99616E96-3A25-42E5-BFDA-96EE5FC10722}.Release|Any CPU.Build.0 = Release|Any CPU
		{B6C93E0F-3594-41B8-9DE2-87B9590DF2FF}.Debug|Any CPU.ActiveCfg = Debug|Any CPU
		{B6C93E0F-3594-41B8-9DE2-87B9590DF2FF}.Debug|Any CPU.Build.0 = Debug|Any CPU
		{B6C93E0F-3594-41B8-9DE2-87B9590DF2FF}.Release|Any CPU.ActiveCfg = Release|Any CPU
		{B6C93E0F-3594-41B8-9DE2-87B9590DF2FF}.Release|Any CPU.Build.0 = Release|Any CPU
	EndGlobalSection
	GlobalSection(SolutionProperties) = preSolution
		HideSolutionNode = FALSE
	EndGlobalSection
	GlobalSection(ExtensibilityGlobals) = postSolution
		SolutionGuid = {458C63C5-4652-4014-AEEC-4612F3764D6F}
	EndGlobalSection
EndGlobal
