
Microsoft Visual Studio Solution File, Format Version 12.00
# Visual Studio Version 16
VisualStudioVersion = 16.0.31624.102
MinimumVisualStudioVersion = 10.0.40219.1
Project("{9A19103F-16F7-4668-BE54-9A1E7A4F7556}") = "DivideWithoutRemainder", "DivideWithoutRemainder.csproj", "{535DF263-2837-421C-9F63-191C2392EA80}"
EndProject
Global
	GlobalSection(SolutionConfigurationPlatforms) = preSolution
		Debug|Any CPU = Debug|Any CPU
		Release|Any CPU = Release|Any CPU
	EndGlobalSection
	GlobalSection(ProjectConfigurationPlatforms) = postSolution
		{535DF263-2837-421C-9F63-191C2392EA80}.Debug|Any CPU.ActiveCfg = Debug|Any CPU
		{535DF263-2837-421C-9F63-191C2392EA80}.Debug|Any CPU.Build.0 = Debug|Any CPU
		{535DF263-2837-421C-9F63-191C2392EA80}.Release|Any CPU.ActiveCfg = Release|Any CPU
		{535DF263-2837-421C-9F63-191C2392EA80}.Release|Any CPU.Build.0 = Release|Any CPU
	EndGlobalSection
	GlobalSection(SolutionProperties) = preSolution
		HideSolutionNode = FALSE
	EndGlobalSection
	GlobalSection(ExtensibilityGlobals) = postSolution
		SolutionGuid = {C2754DA7-1A75-4F65-BD5F-0BAB1A3DDE91}
	EndGlobalSection
EndGlobal
